// !$*UTF8*$!
{
	archiveVersion = 1;
	classes = {
	};
	objectVersion = 50;
	objects = {

/* Begin PBXBuildFile section */
		9394CA2C2282E25F00E26C42 /* AppDelegate.swift in Sources */ = {isa = PBXBuildFile; fileRef = 9394CA2B2282E25F00E26C42 /* AppDelegate.swift */; };
		9394CA2E2282E25F00E26C42 /* ViewController.swift in Sources */ = {isa = PBXBuildFile; fileRef = 9394CA2D2282E25F00E26C42 /* ViewController.swift */; };
		9394CA312282E25F00E26C42 /* Main.storyboard in Resources */ = {isa = PBXBuildFile; fileRef = 9394CA2F2282E25F00E26C42 /* Main.storyboard */; };
		9394CA342282E25F00E26C42 /* Proyecto_App.xcdatamodeld in Sources */ = {isa = PBXBuildFile; fileRef = 9394CA322282E25F00E26C42 /* Proyecto_App.xcdatamodeld */; };
		9394CA362282E26000E26C42 /* Assets.xcassets in Resources */ = {isa = PBXBuildFile; fileRef = 9394CA352282E26000E26C42 /* Assets.xcassets */; };
		9394CA392282E26000E26C42 /* LaunchScreen.storyboard in Resources */ = {isa = PBXBuildFile; fileRef = 9394CA372282E26000E26C42 /* LaunchScreen.storyboard */; };
		9394CA442282E26100E26C42 /* Proyecto_AppTests.swift in Sources */ = {isa = PBXBuildFile; fileRef = 9394CA432282E26100E26C42 /* Proyecto_AppTests.swift */; };
		9394CA4F2282E26100E26C42 /* Proyecto_AppUITests.swift in Sources */ = {isa = PBXBuildFile; fileRef = 9394CA4E2282E26100E26C42 /* Proyecto_AppUITests.swift */; };
		9394CA5D2282E35200E26C42 /* CourseCell.swift in Sources */ = {isa = PBXBuildFile; fileRef = 9394CA5C2282E35200E26C42 /* CourseCell.swift */; };
		9394CA5F2282E8B800E26C42 /* AddCourseController.swift in Sources */ = {isa = PBXBuildFile; fileRef = 9394CA5E2282E8B800E26C42 /* AddCourseController.swift */; };
		93A13718228AC49500B762FE /* EditCourseController.swift in Sources */ = {isa = PBXBuildFile; fileRef = 93A13717228AC49500B762FE /* EditCourseController.swift */; };
/* End PBXBuildFile section */

/* Begin PBXContainerItemProxy section */
		9394CA402282E26100E26C42 /* PBXContainerItemProxy */ = {
			isa = PBXContainerItemProxy;
			containerPortal = 9394CA202282E25F00E26C42 /* Project object */;
			proxyType = 1;
			remoteGlobalIDString = 9394CA272282E25F00E26C42;
			remoteInfo = "Proyecto-App";
		};
		9394CA4B2282E26100E26C42 /* PBXContainerItemProxy */ = {
			isa = PBXContainerItemProxy;
			containerPortal = 9394CA202282E25F00E26C42 /* Project object */;
			proxyType = 1;
			remoteGlobalIDString = 9394CA272282E25F00E26C42;
			remoteInfo = "Proyecto-App";
		};
/* End PBXContainerItemProxy section */

/* Begin PBXFileReference section */
		9394CA282282E25F00E26C42 /* Proyecto-App.app */ = {isa = PBXFileReference; explicitFileType = wrapper.application; includeInIndex = 0; path = "Proyecto-App.app"; sourceTree = BUILT_PRODUCTS_DIR; };
		9394CA2B2282E25F00E26C42 /* AppDelegate.swift */ = {isa = PBXFileReference; lastKnownFileType = sourcecode.swift; path = AppDelegate.swift; sourceTree = "<group>"; };
		9394CA2D2282E25F00E26C42 /* ViewController.swift */ = {isa = PBXFileReference; lastKnownFileType = sourcecode.swift; path = ViewController.swift; sourceTree = "<group>"; };
		9394CA302282E25F00E26C42 /* Base */ = {isa = PBXFileReference; lastKnownFileType = file.storyboard; name = Base; path = Base.lproj/Main.storyboard; sourceTree = "<group>"; };
		9394CA332282E25F00E26C42 /* Proyecto_App.xcdatamodel */ = {isa = PBXFileReference; lastKnownFileType = wrapper.xcdatamodel; path = Proyecto_App.xcdatamodel; sourceTree = "<group>"; };
		9394CA352282E26000E26C42 /* Assets.xcassets */ = {isa = PBXFileReference; lastKnownFileType = folder.assetcatalog; path = Assets.xcassets; sourceTree = "<group>"; };
		9394CA382282E26000E26C42 /* Base */ = {isa = PBXFileReference; lastKnownFileType = file.storyboard; name = Base; path = Base.lproj/LaunchScreen.storyboard; sourceTree = "<group>"; };
		9394CA3A2282E26000E26C42 /* Info.plist */ = {isa = PBXFileReference; lastKnownFileType = text.plist.xml; path = Info.plist; sourceTree = "<group>"; };
		9394CA3F2282E26100E26C42 /* Proyecto-AppTests.xctest */ = {isa = PBXFileReference; explicitFileType = wrapper.cfbundle; includeInIndex = 0; path = "Proyecto-AppTests.xctest"; sourceTree = BUILT_PRODUCTS_DIR; };
		9394CA432282E26100E26C42 /* Proyecto_AppTests.swift */ = {isa = PBXFileReference; lastKnownFileType = sourcecode.swift; path = Proyecto_AppTests.swift; sourceTree = "<group>"; };
		9394CA452282E26100E26C42 /* Info.plist */ = {isa = PBXFileReference; lastKnownFileType = text.plist.xml; path = Info.plist; sourceTree = "<group>"; };
		9394CA4A2282E26100E26C42 /* Proyecto-AppUITests.xctest */ = {isa = PBXFileReference; explicitFileType = wrapper.cfbundle; includeInIndex = 0; path = "Proyecto-AppUITests.xctest"; sourceTree = BUILT_PRODUCTS_DIR; };
		9394CA4E2282E26100E26C42 /* Proyecto_AppUITests.swift */ = {isa = PBXFileReference; lastKnownFileType = sourcecode.swift; path = Proyecto_AppUITests.swift; sourceTree = "<group>"; };
		9394CA502282E26100E26C42 /* Info.plist */ = {isa = PBXFileReference; lastKnownFileType = text.plist.xml; path = Info.plist; sourceTree = "<group>"; };
		9394CA5C2282E35200E26C42 /* CourseCell.swift */ = {isa = PBXFileReference; lastKnownFileType = sourcecode.swift; path = CourseCell.swift; sourceTree = "<group>"; };
		9394CA5E2282E8B800E26C42 /* AddCourseController.swift */ = {isa = PBXFileReference; lastKnownFileType = sourcecode.swift; path = AddCourseController.swift; sourceTree = "<group>"; };
		93A13717228AC49500B762FE /* EditCourseController.swift */ = {isa = PBXFileReference; lastKnownFileType = sourcecode.swift; path = EditCourseController.swift; sourceTree = "<group>"; };
/* End PBXFileReference section */

/* Begin PBXFrameworksBuildPhase section */
		9394CA252282E25F00E26C42 /* Frameworks */ = {
			isa = PBXFrameworksBuildPhase;
			buildActionMask = 2147483647;
			files = (
			);
			runOnlyForDeploymentPostprocessing = 0;
		};
		9394CA3C2282E26100E26C42 /* Frameworks */ = {
			isa = PBXFrameworksBuildPhase;
			buildActionMask = 2147483647;
			files = (
			);
			runOnlyForDeploymentPostprocessing = 0;
		};
		9394CA472282E26100E26C42 /* Frameworks */ = {
			isa = PBXFrameworksBuildPhase;
			buildActionMask = 2147483647;
			files = (
			);
			runOnlyForDeploymentPostprocessing = 0;
		};
/* End PBXFrameworksBuildPhase section */

/* Begin PBXGroup section */
		9394CA1F2282E25F00E26C42 = {
			isa = PBXGroup;
			children = (
				9394CA2A2282E25F00E26C42 /* Proyecto-App */,
				9394CA422282E26100E26C42 /* Proyecto-AppTests */,
				9394CA4D2282E26100E26C42 /* Proyecto-AppUITests */,
				9394CA292282E25F00E26C42 /* Products */,
			);
			sourceTree = "<group>";
		};
		9394CA292282E25F00E26C42 /* Products */ = {
			isa = PBXGroup;
			children = (
				9394CA282282E25F00E26C42 /* Proyecto-App.app */,
				9394CA3F2282E26100E26C42 /* Proyecto-AppTests.xctest */,
				9394CA4A2282E26100E26C42 /* Proyecto-AppUITests.xctest */,
			);
			name = Products;
			sourceTree = "<group>";
		};
		9394CA2A2282E25F00E26C42 /* Proyecto-App */ = {
			isa = PBXGroup;
			children = (
				9394CA2B2282E25F00E26C42 /* AppDelegate.swift */,
				9394CA2D2282E25F00E26C42 /* ViewController.swift */,
				9394CA2F2282E25F00E26C42 /* Main.storyboard */,
				9394CA352282E26000E26C42 /* Assets.xcassets */,
				9394CA372282E26000E26C42 /* LaunchScreen.storyboard */,
				9394CA3A2282E26000E26C42 /* Info.plist */,
				9394CA322282E25F00E26C42 /* Proyecto_App.xcdatamodeld */,
				9394CA5C2282E35200E26C42 /* CourseCell.swift */,
				9394CA5E2282E8B800E26C42 /* AddCourseController.swift */,
				93A13717228AC49500B762FE /* EditCourseController.swift */,
			);
			path = "Proyecto-App";
			sourceTree = "<group>";
		};
		9394CA422282E26100E26C42 /* Proyecto-AppTests */ = {
			isa = PBXGroup;
			children = (
				9394CA432282E26100E26C42 /* Proyecto_AppTests.swift */,
				9394CA452282E26100E26C42 /* Info.plist */,
			);
			path = "Proyecto-AppTests";
			sourceTree = "<group>";
		};
		9394CA4D2282E26100E26C42 /* Proyecto-AppUITests */ = {
			isa = PBXGroup;
			children = (
				9394CA4E2282E26100E26C42 /* Proyecto_AppUITests.swift */,
				9394CA502282E26100E26C42 /* Info.plist */,
			);
			path = "Proyecto-AppUITests";
			sourceTree = "<group>";
		};
/* End PBXGroup section */

/* Begin PBXNativeTarget section */
		9394CA272282E25F00E26C42 /* Proyecto-App */ = {
			isa = PBXNativeTarget;
			buildConfigurationList = 9394CA532282E26100E26C42 /* Build configuration list for PBXNativeTarget "Proyecto-App" */;
			buildPhases = (
				9394CA242282E25F00E26C42 /* Sources */,
				9394CA252282E25F00E26C42 /* Frameworks */,
				9394CA262282E25F00E26C42 /* Resources */,
			);
			buildRules = (
			);
			dependencies = (
			);
			name = "Proyecto-App";
			productName = "Proyecto-App";
			productReference = 9394CA282282E25F00E26C42 /* Proyecto-App.app */;
			productType = "com.apple.product-type.application";
		};
		9394CA3E2282E26100E26C42 /* Proyecto-AppTests */ = {
			isa = PBXNativeTarget;
			buildConfigurationList = 9394CA562282E26100E26C42 /* Build configuration list for PBXNativeTarget "Proyecto-AppTests" */;
			buildPhases = (
				9394CA3B2282E26100E26C42 /* Sources */,
				9394CA3C2282E26100E26C42 /* Frameworks */,
				9394CA3D2282E26100E26C42 /* Resources */,
			);
			buildRules = (
			);
			dependencies = (
				9394CA412282E26100E26C42 /* PBXTargetDependency */,
			);
			name = "Proyecto-AppTests";
			productName = "Proyecto-AppTests";
			productReference = 9394CA3F2282E26100E26C42 /* Proyecto-AppTests.xctest */;
			productType = "com.apple.product-type.bundle.unit-test";
		};
		9394CA492282E26100E26C42 /* Proyecto-AppUITests */ = {
			isa = PBXNativeTarget;
			buildConfigurationList = 9394CA592282E26100E26C42 /* Build configuration list for PBXNativeTarget "Proyecto-AppUITests" */;
			buildPhases = (
				9394CA462282E26100E26C42 /* Sources */,
				9394CA472282E26100E26C42 /* Frameworks */,
				9394CA482282E26100E26C42 /* Resources */,
			);
			buildRules = (
			);
			dependencies = (
				9394CA4C2282E26100E26C42 /* PBXTargetDependency */,
			);
			name = "Proyecto-AppUITests";
			productName = "Proyecto-AppUITests";
			productReference = 9394CA4A2282E26100E26C42 /* Proyecto-AppUITests.xctest */;
			productType = "com.apple.product-type.bundle.ui-testing";
		};
/* End PBXNativeTarget section */

/* Begin PBXProject section */
		9394CA202282E25F00E26C42 /* Project object */ = {
			isa = PBXProject;
			attributes = {
				LastSwiftUpdateCheck = 1020;
				LastUpgradeCheck = 1020;
				ORGANIZATIONNAME = "Anthony Leandro";
				TargetAttributes = {
					9394CA272282E25F00E26C42 = {
						CreatedOnToolsVersion = 10.2;
					};
					9394CA3E2282E26100E26C42 = {
						CreatedOnToolsVersion = 10.2;
						TestTargetID = 9394CA272282E25F00E26C42;
					};
					9394CA492282E26100E26C42 = {
						CreatedOnToolsVersion = 10.2;
						TestTargetID = 9394CA272282E25F00E26C42;
					};
				};
			};
			buildConfigurationList = 9394CA232282E25F00E26C42 /* Build configuration list for PBXProject "Proyecto-App" */;
			compatibilityVersion = "Xcode 9.3";
			developmentRegion = en;
			hasScannedForEncodings = 0;
			knownRegions = (
				en,
				Base,
			);
			mainGroup = 9394CA1F2282E25F00E26C42;
			productRefGroup = 9394CA292282E25F00E26C42 /* Products */;
			projectDirPath = "";
			projectRoot = "";
			targets = (
				9394CA272282E25F00E26C42 /* Proyecto-App */,
				9394CA3E2282E26100E26C42 /* Proyecto-AppTests */,
				9394CA492282E26100E26C42 /* Proyecto-AppUITests */,
			);
		};
/* End PBXProject section */

/* Begin PBXResourcesBuildPhase section */
		9394CA262282E25F00E26C42 /* Resources */ = {
			isa = PBXResourcesBuildPhase;
			buildActionMask = 2147483647;
			files = (
				9394CA392282E26000E26C42 /* LaunchScreen.storyboard in Resources */,
				9394CA362282E26000E26C42 /* Assets.xcassets in Resources */,
				9394CA312282E25F00E26C42 /* Main.storyboard in Resources */,
			);
			runOnlyForDeploymentPostprocessing = 0;
		};
		9394CA3D2282E26100E26C42 /* Resources */ = {
			isa = PBXResourcesBuildPhase;
			buildActionMask = 2147483647;
			files = (
			);
			runOnlyForDeploymentPostprocessing = 0;
		};
		9394CA482282E26100E26C42 /* Resources */ = {
			isa = PBXResourcesBuildPhase;
			buildActionMask = 2147483647;
			files = (
			);
			runOnlyForDeploymentPostprocessing = 0;
		};
/* End PBXResourcesBuildPhase section */

/* Begin PBXSourcesBuildPhase section */
		9394CA242282E25F00E26C42 /* Sources */ = {
			isa = PBXSourcesBuildPhase;
			buildActionMask = 2147483647;
			files = (
				9394CA5D2282E35200E26C42 /* CourseCell.swift in Sources */,
				9394CA342282E25F00E26C42 /* Proyecto_App.xcdatamodeld in Sources */,
				9394CA2E2282E25F00E26C42 /* ViewController.swift in Sources */,
				9394CA5F2282E8B800E26C42 /* AddCourseController.swift in Sources */,
				93A13718228AC49500B762FE /* EditCourseController.swift in Sources */,
				9394CA2C2282E25F00E26C42 /* AppDelegate.swift in Sources */,
			);
			runOnlyForDeploymentPostprocessing = 0;
		};
		9394CA3B2282E26100E26C42 /* Sources */ = {
			isa = PBXSourcesBuildPhase;
			buildActionMask = 2147483647;
			files = (
				9394CA442282E26100E26C42 /* Proyecto_AppTests.swift in Sources */,
			);
			runOnlyForDeploymentPostprocessing = 0;
		};
		9394CA462282E26100E26C42 /* Sources */ = {
			isa = PBXSourcesBuildPhase;
			buildActionMask = 2147483647;
			files = (
				9394CA4F2282E26100E26C42 /* Proyecto_AppUITests.swift in Sources */,
			);
			runOnlyForDeploymentPostprocessing = 0;
		};
/* End PBXSourcesBuildPhase section */

/* Begin PBXTargetDependency section */
		9394CA412282E26100E26C42 /* PBXTargetDependency */ = {
			isa = PBXTargetDependency;
			target = 9394CA272282E25F00E26C42 /* Proyecto-App */;
			targetProxy = 9394CA402282E26100E26C42 /* PBXContainerItemProxy */;
		};
		9394CA4C2282E26100E26C42 /* PBXTargetDependency */ = {
			isa = PBXTargetDependency;
			target = 9394CA272282E25F00E26C42 /* Proyecto-App */;
			targetProxy = 9394CA4B2282E26100E26C42 /* PBXContainerItemProxy */;
		};
/* End PBXTargetDependency section */

/* Begin PBXVariantGroup section */
		9394CA2F2282E25F00E26C42 /* Main.storyboard */ = {
			isa = PBXVariantGroup;
			children = (
				9394CA302282E25F00E26C42 /* Base */,
			);
			name = Main.storyboard;
			sourceTree = "<group>";
		};
		9394CA372282E26000E26C42 /* LaunchScreen.storyboard */ = {
			isa = PBXVariantGroup;
			children = (
				9394CA382282E26000E26C42 /* Base */,
			);
			name = LaunchScreen.storyboard;
			sourceTree = "<group>";
		};
/* End PBXVariantGroup section */

/* Begin XCBuildConfiguration section */
		9394CA512282E26100E26C42 /* Debug */ = {
			isa = XCBuildConfiguration;
			buildSettings = {
				ALWAYS_SEARCH_USER_PATHS = NO;
				CLANG_ANALYZER_NONNULL = YES;
				CLANG_ANALYZER_NUMBER_OBJECT_CONVERSION = YES_AGGRESSIVE;
				CLANG_CXX_LANGUAGE_STANDARD = "gnu++14";
				CLANG_CXX_LIBRARY = "libc++";
				CLANG_ENABLE_MODULES = YES;
				CLANG_ENABLE_OBJC_ARC = YES;
				CLANG_ENABLE_OBJC_WEAK = YES;
				CLANG_WARN_BLOCK_CAPTURE_AUTORELEASING = YES;
				CLANG_WARN_BOOL_CONVERSION = YES;
				CLANG_WARN_COMMA = YES;
				CLANG_WARN_CONSTANT_CONVERSION = YES;
				CLANG_WARN_DEPRECATED_OBJC_IMPLEMENTATIONS = YES;
				CLANG_WARN_DIRECT_OBJC_ISA_USAGE = YES_ERROR;
				CLANG_WARN_DOCUMENTATION_COMMENTS = YES;
				CLANG_WARN_EMPTY_BODY = YES;
				CLANG_WARN_ENUM_CONVERSION = YES;
				CLANG_WARN_INFINITE_RECURSION = YES;
				CLANG_WARN_INT_CONVERSION = YES;
				CLANG_WARN_NON_LITERAL_NULL_CONVERSION = YES;
				CLANG_WARN_OBJC_IMPLICIT_RETAIN_SELF = YES;
				CLANG_WARN_OBJC_LITERAL_CONVERSION = YES;
				CLANG_WARN_OBJC_ROOT_CLASS = YES_ERROR;
				CLANG_WARN_RANGE_LOOP_ANALYSIS = YES;
				CLANG_WARN_STRICT_PROTOTYPES = YES;
				CLANG_WARN_SUSPICIOUS_MOVE = YES;
				CLANG_WARN_UNGUARDED_AVAILABILITY = YES_AGGRESSIVE;
				CLANG_WARN_UNREACHABLE_CODE = YES;
				CLANG_WARN__DUPLICATE_METHOD_MATCH = YES;
				CODE_SIGN_IDENTITY = "iPhone Developer";
				COPY_PHASE_STRIP = NO;
				DEBUG_INFORMATION_FORMAT = dwarf;
				ENABLE_STRICT_OBJC_MSGSEND = YES;
				ENABLE_TESTABILITY = YES;
				GCC_C_LANGUAGE_STANDARD = gnu11;
				GCC_DYNAMIC_NO_PIC = NO;
				GCC_NO_COMMON_BLOCKS = YES;
				GCC_OPTIMIZATION_LEVEL = 0;
				GCC_PREPROCESSOR_DEFINITIONS = (
					"DEBUG=1",
					"$(inherited)",
				);
				GCC_WARN_64_TO_32_BIT_CONVERSION = YES;
				GCC_WARN_ABOUT_RETURN_TYPE = YES_ERROR;
				GCC_WARN_UNDECLARED_SELECTOR = YES;
				GCC_WARN_UNINITIALIZED_AUTOS = YES_AGGRESSIVE;
				GCC_WARN_UNUSED_FUNCTION = YES;
				GCC_WARN_UNUSED_VARIABLE = YES;
				IPHONEOS_DEPLOYMENT_TARGET = 12.2;
				MTL_ENABLE_DEBUG_INFO = INCLUDE_SOURCE;
				MTL_FAST_MATH = YES;
				ONLY_ACTIVE_ARCH = YES;
				SDKROOT = iphoneos;
				SWIFT_ACTIVE_COMPILATION_CONDITIONS = DEBUG;
				SWIFT_OPTIMIZATION_LEVEL = "-Onone";
			};
			name = Debug;
		};
		9394CA522282E26100E26C42 /* Release */ = {
			isa = XCBuildConfiguration;
			buildSettings = {
				ALWAYS_SEARCH_USER_PATHS = NO;
				CLANG_ANALYZER_NONNULL = YES;
				CLANG_ANALYZER_NUMBER_OBJECT_CONVERSION = YES_AGGRESSIVE;
				CLANG_CXX_LANGUAGE_STANDARD = "gnu++14";
				CLANG_CXX_LIBRARY = "libc++";
				CLANG_ENABLE_MODULES = YES;
				CLANG_ENABLE_OBJC_ARC = YES;
				CLANG_ENABLE_OBJC_WEAK = YES;
				CLANG_WARN_BLOCK_CAPTURE_AUTORELEASING = YES;
				CLANG_WARN_BOOL_CONVERSION = YES;
				CLANG_WARN_COMMA = YES;
				CLANG_WARN_CONSTANT_CONVERSION = YES;
				CLANG_WARN_DEPRECATED_OBJC_IMPLEMENTATIONS = YES;
				CLANG_WARN_DIRECT_OBJC_ISA_USAGE = YES_ERROR;
				CLANG_WARN_DOCUMENTATION_COMMENTS = YES;
				CLANG_WARN_EMPTY_BODY = YES;
				CLANG_WARN_ENUM_CONVERSION = YES;
				CLANG_WARN_INFINITE_RECURSION = YES;
				CLANG_WARN_INT_CONVERSION = YES;
				CLANG_WARN_NON_LITERAL_NULL_CONVERSION = YES;
				CLANG_WARN_OBJC_IMPLICIT_RETAIN_SELF = YES;
				CLANG_WARN_OBJC_LITERAL_CONVERSION = YES;
				CLANG_WARN_OBJC_ROOT_CLASS = YES_ERROR;
				CLANG_WARN_RANGE_LOOP_ANALYSIS = YES;
				CLANG_WARN_STRICT_PROTOTYPES = YES;
				CLANG_WARN_SUSPICIOUS_MOVE = YES;
				CLANG_WARN_UNGUARDED_AVAILABILITY = YES_AGGRESSIVE;
				CLANG_WARN_UNREACHABLE_CODE = YES;
				CLANG_WARN__DUPLICATE_METHOD_MATCH = YES;
				CODE_SIGN_IDENTITY = "iPhone Developer";
				COPY_PHASE_STRIP = NO;
				DEBUG_INFORMATION_FORMAT = "dwarf-with-dsym";
				ENABLE_NS_ASSERTIONS = NO;
				ENABLE_STRICT_OBJC_MSGSEND = YES;
				GCC_C_LANGUAGE_STANDARD = gnu11;
				GCC_NO_COMMON_BLOCKS = YES;
				GCC_WARN_64_TO_32_BIT_CONVERSION = YES;
				GCC_WARN_ABOUT_RETURN_TYPE = YES_ERROR;
				GCC_WARN_UNDECLARED_SELECTOR = YES;
				GCC_WARN_UNINITIALIZED_AUTOS = YES_AGGRESSIVE;
				GCC_WARN_UNUSED_FUNCTION = YES;
				GCC_WARN_UNUSED_VARIABLE = YES;
				IPHONEOS_DEPLOYMENT_TARGET = 12.2;
				MTL_ENABLE_DEBUG_INFO = NO;
				MTL_FAST_MATH = YES;
				SDKROOT = iphoneos;
				SWIFT_COMPILATION_MODE = wholemodule;
				SWIFT_OPTIMIZATION_LEVEL = "-O";
				VALIDATE_PRODUCT = YES;
			};
			name = Release;
		};
		9394CA542282E26100E26C42 /* Debug */ = {
			isa = XCBuildConfiguration;
			buildSettings = {
				ASSETCATALOG_COMPILER_APPICON_NAME = AppIcon;
				CODE_SIGN_STYLE = Automatic;
				DEVELOPMENT_TEAM = E5ZZESZAV4;
				INFOPLIST_FILE = "Proyecto-App/Info.plist";
				LD_RUNPATH_SEARCH_PATHS = (
					"$(inherited)",
					"@executable_path/Frameworks",
				);
				PRODUCT_BUNDLE_IDENTIFIER = "aleandro.Proyecto-App";
				PRODUCT_NAME = "$(TARGET_NAME)";
				SWIFT_VERSION = 5.0;
				TARGETED_DEVICE_FAMILY = "1,2";
			};
			name = Debug;
		};
		9394CA552282E26100E26C42 /* Release */ = {
			isa = XCBuildConfiguration;
			buildSettings = {
				ASSETCATALOG_COMPILER_APPICON_NAME = AppIcon;
				CODE_SIGN_STYLE = Automatic;
				DEVELOPMENT_TEAM = E5ZZESZAV4;
				INFOPLIST_FILE = "Proyecto-App/Info.plist";
				LD_RUNPATH_SEARCH_PATHS = (
					"$(inherited)",
					"@executable_path/Frameworks",
				);
				PRODUCT_BUNDLE_IDENTIFIER = "aleandro.Proyecto-App";
				PRODUCT_NAME = "$(TARGET_NAME)";
				SWIFT_VERSION = 5.0;
				TARGETED_DEVICE_FAMILY = "1,2";
			};
			name = Release;
		};
		9394CA572282E26100E26C42 /* Debug */ = {
			isa = XCBuildConfiguration;
			buildSettings = {
				ALWAYS_EMBED_SWIFT_STANDARD_LIBRARIES = YES;
				BUNDLE_LOADER = "$(TEST_HOST)";
				CODE_SIGN_STYLE = Automatic;
				DEVELOPMENT_TEAM = E5ZZESZAV4;
				INFOPLIST_FILE = "Proyecto-AppTests/Info.plist";
				LD_RUNPATH_SEARCH_PATHS = (
					"$(inherited)",
					"@executable_path/Frameworks",
					"@loader_path/Frameworks",
				);
				PRODUCT_BUNDLE_IDENTIFIER = "aleandro.Proyecto-AppTests";
				PRODUCT_NAME = "$(TARGET_NAME)";
				SWIFT_VERSION = 5.0;
				TARGETED_DEVICE_FAMILY = "1,2";
				TEST_HOST = "$(BUILT_PRODUCTS_DIR)/Proyecto-App.app/Proyecto-App";
			};
			name = Debug;
		};
		9394CA582282E26100E26C42 /* Release */ = {
			isa = XCBuildConfiguration;
			buildSettings = {
				ALWAYS_EMBED_SWIFT_STANDARD_LIBRARIES = YES;
				BUNDLE_LOADER = "$(TEST_HOST)";
				CODE_SIGN_STYLE = Automatic;
				DEVELOPMENT_TEAM = E5ZZESZAV4;
				INFOPLIST_FILE = "Proyecto-AppTests/Info.plist";
				LD_RUNPATH_SEARCH_PATHS = (
					"$(inherited)",
					"@executable_path/Frameworks",
					"@loader_path/Frameworks",
				);
				PRODUCT_BUNDLE_IDENTIFIER = "aleandro.Proyecto-AppTests";
				PRODUCT_NAME = "$(TARGET_NAME)";
				SWIFT_VERSION = 5.0;
				TARGETED_DEVICE_FAMILY = "1,2";
				TEST_HOST = "$(BUILT_PRODUCTS_DIR)/Proyecto-App.app/Proyecto-App";
			};
			name = Release;
		};
		9394CA5A2282E26100E26C42 /* Debug */ = {
			isa = XCBuildConfiguration;
			buildSettings = {
				ALWAYS_EMBED_SWIFT_STANDARD_LIBRARIES = YES;
				CODE_SIGN_STYLE = Automatic;
				DEVELOPMENT_TEAM = E5ZZESZAV4;
				INFOPLIST_FILE = "Proyecto-AppUITests/Info.plist";
				LD_RUNPATH_SEARCH_PATHS = (
					"$(inherited)",
					"@executable_path/Frameworks",
					"@loader_path/Frameworks",
				);
				PRODUCT_BUNDLE_IDENTIFIER = "aleandro.Proyecto-AppUITests";
				PRODUCT_NAME = "$(TARGET_NAME)";
				SWIFT_VERSION = 5.0;
				TARGETED_DEVICE_FAMILY = "1,2";
				TEST_TARGET_NAME = "Proyecto-App";
			};
			name = Debug;
		};
		9394CA5B2282E26100E26C42 /* Release */ = {
			isa = XCBuildConfiguration;
			buildSettings = {
				ALWAYS_EMBED_SWIFT_STANDARD_LIBRARIES = YES;
				CODE_SIGN_STYLE = Automatic;
				DEVELOPMENT_TEAM = E5ZZESZAV4;
				INFOPLIST_FILE = "Proyecto-AppUITests/Info.plist";
				LD_RUNPATH_SEARCH_PATHS = (
					"$(inherited)",
					"@executable_path/Frameworks",
					"@loader_path/Frameworks",
				);
				PRODUCT_BUNDLE_IDENTIFIER = "aleandro.Proyecto-AppUITests";
				PRODUCT_NAME = "$(TARGET_NAME)";
				SWIFT_VERSION = 5.0;
				TARGETED_DEVICE_FAMILY = "1,2";
				TEST_TARGET_NAME = "Proyecto-App";
			};
			name = Release;
		};
/* End XCBuildConfiguration section */

/* Begin XCConfigurationList section */
		9394CA232282E25F00E26C42 /* Build configuration list for PBXProject "Proyecto-App" */ = {
			isa = XCConfigurationList;
			buildConfigurations = (
				9394CA512282E26100E26C42 /* Debug */,
				9394CA522282E26100E26C42 /* Release */,
			);
			defaultConfigurationIsVisible = 0;
			defaultConfigurationName = Release;
		};
		9394CA532282E26100E26C42 /* Build configuration list for PBXNativeTarget "Proyecto-App" */ = {
			isa = XCConfigurationList;
			buildConfigurations = (
				9394CA542282E26100E26C42 /* Debug */,
				9394CA552282E26100E26C42 /* Release */,
			);
			defaultConfigurationIsVisible = 0;
			defaultConfigurationName = Release;
		};
		9394CA562282E26100E26C42 /* Build configuration list for PBXNativeTarget "Proyecto-AppTests" */ = {
			isa = XCConfigurationList;
			buildConfigurations = (
				9394CA572282E26100E26C42 /* Debug */,
				9394CA582282E26100E26C42 /* Release */,
			);
			defaultConfigurationIsVisible = 0;
			defaultConfigurationName = Release;
		};
		9394CA592282E26100E26C42 /* Build configuration list for PBXNativeTarget "Proyecto-AppUITests" */ = {
			isa = XCConfigurationList;
			buildConfigurations = (
				9394CA5A2282E26100E26C42 /* Debug */,
				9394CA5B2282E26100E26C42 /* Release */,
			);
			defaultConfigurationIsVisible = 0;
			defaultConfigurationName = Release;
		};
/* End XCConfigurationList section */

/* Begin XCVersionGroup section */
		9394CA322282E25F00E26C42 /* Proyecto_App.xcdatamodeld */ = {
			isa = XCVersionGroup;
			children = (
				9394CA332282E25F00E26C42 /* Proyecto_App.xcdatamodel */,
			);
			currentVersion = 9394CA332282E25F00E26C42 /* Proyecto_App.xcdatamodel */;
			path = Proyecto_App.xcdatamodeld;
			sourceTree = "<group>";
			versionGroupType = wrapper.xcdatamodel;
		};
/* End XCVersionGroup section */
	};
	rootObject = 9394CA202282E25F00E26C42 /* Project object */;
}
